// !$*UTF8*$!
{
	archiveVersion = 1;
	classes = {
	};
	objectVersion = 46;
	objects = {

/* Begin PBXBuildFile section */
		5B5D32751D1F5353003A059F /* AirViewController.m in Sources */ = {isa = PBXBuildFile; fileRef = 5B5D32741D1F5353003A059F /* AirViewController.m */; };
		5B66DDC61D1DC03D00963B6E /* Info.plist in Resources */ = {isa = PBXBuildFile; fileRef = 5B66DDC51D1DC03D00963B6E /* Info.plist */; };
		5B66DDC91D1DC17700963B6E /* MapPin.m in Sources */ = {isa = PBXBuildFile; fileRef = 5B66DDC81D1DC17700963B6E /* MapPin.m */; };
		5B66DDD61D1EE9C700963B6E /* ViewController.m in Sources */ = {isa = PBXBuildFile; fileRef = 5B66DDD51D1EE9C700963B6E /* ViewController.m */; };
		5B66DDD81D1EEC6D00963B6E /* livingcityIcon.png in Resources */ = {isa = PBXBuildFile; fileRef = 5B66DDD71D1EEC6D00963B6E /* livingcityIcon.png */; };
		5B66DDDD1D1EF8D200963B6E /* Logo-base1.png in Resources */ = {isa = PBXBuildFile; fileRef = 5B66DDD91D1EF8D200963B6E /* Logo-base1.png */; };
		5B66DDDE1D1EF8D200963B6E /* Logo-base3.png in Resources */ = {isa = PBXBuildFile; fileRef = 5B66DDDA1D1EF8D200963B6E /* Logo-base3.png */; };
		5B66DDDF1D1EF8D200963B6E /* Logo-base5.png in Resources */ = {isa = PBXBuildFile; fileRef = 5B66DDDB1D1EF8D200963B6E /* Logo-base5.png */; };
		5B66DDE01D1EF8D200963B6E /* Logo-render.png in Resources */ = {isa = PBXBuildFile; fileRef = 5B66DDDC1D1EF8D200963B6E /* Logo-render.png */; };
		5B66DDE21D1EFD5700963B6E /* Images.xcassets in Resources */ = {isa = PBXBuildFile; fileRef = 5B66DDE11D1EFD5700963B6E /* Images.xcassets */; };
		5BEB07391D20284300BEB4E1 /* TableViewCell.m in Sources */ = {isa = PBXBuildFile; fileRef = 5BEB07371D20284300BEB4E1 /* TableViewCell.m */; };
		5BEB073A1D20284300BEB4E1 /* TableViewCell.xib in Resources */ = {isa = PBXBuildFile; fileRef = 5BEB07381D20284300BEB4E1 /* TableViewCell.xib */; };
		5BEB07491D202AE100BEB4E1 /* UUBar.m in Sources */ = {isa = PBXBuildFile; fileRef = 5BEB073E1D202AE100BEB4E1 /* UUBar.m */; };
		5BEB074A1D202AE100BEB4E1 /* UUBarChart.m in Sources */ = {isa = PBXBuildFile; fileRef = 5BEB07401D202AE100BEB4E1 /* UUBarChart.m */; };
		5BEB074B1D202AE100BEB4E1 /* UUChart.m in Sources */ = {isa = PBXBuildFile; fileRef = 5BEB07421D202AE100BEB4E1 /* UUChart.m */; };
		5BEB074C1D202AE100BEB4E1 /* UUChartConst.m in Sources */ = {isa = PBXBuildFile; fileRef = 5BEB07441D202AE100BEB4E1 /* UUChartConst.m */; };
		5BEB074D1D202AE100BEB4E1 /* UUChartLabel.m in Sources */ = {isa = PBXBuildFile; fileRef = 5BEB07461D202AE100BEB4E1 /* UUChartLabel.m */; };
		5BEB074E1D202AE100BEB4E1 /* UULineChart.m in Sources */ = {isa = PBXBuildFile; fileRef = 5BEB07481D202AE100BEB4E1 /* UULineChart.m */; };
		5BEB07501D202C3800BEB4E1 /* QuartzCore.framework in Frameworks */ = {isa = PBXBuildFile; fileRef = 5BEB074F1D202C3700BEB4E1 /* QuartzCore.framework */; };
		F4D9AD1F1871725500E2D912 /* SWRevealViewController.m in Sources */ = {isa = PBXBuildFile; fileRef = F4D9AD1E1871725500E2D912 /* SWRevealViewController.m */; };
		F4EECF12177C99F400778578 /* UIKit.framework in Frameworks */ = {isa = PBXBuildFile; fileRef = F4EECF11177C99F400778578 /* UIKit.framework */; };
		F4EECF14177C99F400778578 /* Foundation.framework in Frameworks */ = {isa = PBXBuildFile; fileRef = F4EECF13177C99F400778578 /* Foundation.framework */; };
		F4EECF16177C99F400778578 /* CoreGraphics.framework in Frameworks */ = {isa = PBXBuildFile; fileRef = F4EECF15177C99F400778578 /* CoreGraphics.framework */; };
		F4EECF1C177C99F400778578 /* InfoPlist.strings in Resources */ = {isa = PBXBuildFile; fileRef = F4EECF1A177C99F400778578 /* InfoPlist.strings */; };
		F4EECF1E177C99F400778578 /* main.m in Sources */ = {isa = PBXBuildFile; fileRef = F4EECF1D177C99F400778578 /* main.m */; };
		F4EECF22177C99F400778578 /* AppDelegate.m in Sources */ = {isa = PBXBuildFile; fileRef = F4EECF21177C99F400778578 /* AppDelegate.m */; };
		F4EECF24177C99F400778578 /* Default.png in Resources */ = {isa = PBXBuildFile; fileRef = F4EECF23177C99F400778578 /* Default.png */; };
		F4EECF26177C99F400778578 /* Default@2x.png in Resources */ = {isa = PBXBuildFile; fileRef = F4EECF25177C99F400778578 /* Default@2x.png */; };
		F4EECF28177C99F400778578 /* Default-568h@2x.png in Resources */ = {isa = PBXBuildFile; fileRef = F4EECF27177C99F400778578 /* Default-568h@2x.png */; };
		F4EECF2B177C99F400778578 /* Main.Storyboard in Resources */ = {isa = PBXBuildFile; fileRef = F4EECF29177C99F400778578 /* Main.Storyboard */; };
		F4EECF2E177C99F400778578 /* MainViewController.m in Sources */ = {isa = PBXBuildFile; fileRef = F4EECF2D177C99F400778578 /* MainViewController.m */; };
		F4EECF4A177DF87700778578 /* SidebarViewController.m in Sources */ = {isa = PBXBuildFile; fileRef = F4EECF49177DF87700778578 /* SidebarViewController.m */; };
		F4EECF5B177F384900778578 /* bookmark.png in Resources */ = {isa = PBXBuildFile; fileRef = F4EECF54177F384900778578 /* bookmark.png */; };
		F4EECF5C177F384900778578 /* calendar.png in Resources */ = {isa = PBXBuildFile; fileRef = F4EECF55177F384900778578 /* calendar.png */; };
		F4EECF5D177F384900778578 /* comments.png in Resources */ = {isa = PBXBuildFile; fileRef = F4EECF56177F384900778578 /* comments.png */; };
		F4EECF5E177F384900778578 /* map.png in Resources */ = {isa = PBXBuildFile; fileRef = F4EECF57177F384900778578 /* map.png */; };
		F4EECF5F177F384900778578 /* news.png in Resources */ = {isa = PBXBuildFile; fileRef = F4EECF58177F384900778578 /* news.png */; };
		F4EECF60177F384900778578 /* photo.png in Resources */ = {isa = PBXBuildFile; fileRef = F4EECF59177F384900778578 /* photo.png */; };
		F4EECF61177F384900778578 /* wishlist.png in Resources */ = {isa = PBXBuildFile; fileRef = F4EECF5A177F384900778578 /* wishlist.png */; };
		F4EECF63177F3CAB00778578 /* tag.png in Resources */ = {isa = PBXBuildFile; fileRef = F4EECF62177F3CAB00778578 /* tag.png */; };
		F4EECF67177F4AB000778578 /* nav_bg.png in Resources */ = {isa = PBXBuildFile; fileRef = F4EECF65177F4AB000778578 /* nav_bg.png */; };
		F4EECF6A177F4C0200778578 /* menu.png in Resources */ = {isa = PBXBuildFile; fileRef = F4EECF68177F4C0200778578 /* menu.png */; };
		F4EECF6B177F4C0200778578 /* menu@2x.png in Resources */ = {isa = PBXBuildFile; fileRef = F4EECF69177F4C0200778578 /* menu@2x.png */; };
		F4EECF6E177FD51400778578 /* MapViewController.m in Sources */ = {isa = PBXBuildFile; fileRef = F4EECF6D177FD51300778578 /* MapViewController.m */; };
		F4EECF70177FE9B400778578 /* CoreLocation.framework in Frameworks */ = {isa = PBXBuildFile; fileRef = F4EECF6F177FE9B400778578 /* CoreLocation.framework */; };
		F4EECF72177FE9BA00778578 /* MapKit.framework in Frameworks */ = {isa = PBXBuildFile; fileRef = F4EECF71177FE9BA00778578 /* MapKit.framework */; };
		F4EECF75177FF90600778578 /* PhotoViewController.m in Sources */ = {isa = PBXBuildFile; fileRef = F4EECF74177FF90600778578 /* PhotoViewController.m */; };
		F4FE87FB1780081300CB3DA8 /* comments_photo.jpg in Resources */ = {isa = PBXBuildFile; fileRef = F4FE87F91780081300CB3DA8 /* comments_photo.jpg */; };
		F4FE87FC1780081300CB3DA8 /* wishlist_photo.jpg in Resources */ = {isa = PBXBuildFile; fileRef = F4FE87FA1780081300CB3DA8 /* wishlist_photo.jpg */; };
		F4FE87FF178010F000CB3DA8 /* bookmark_photo.jpg in Resources */ = {isa = PBXBuildFile; fileRef = F4FE87FD178010F000CB3DA8 /* bookmark_photo.jpg */; };
		F4FE8800178010F000CB3DA8 /* calendar_photo.jpg in Resources */ = {isa = PBXBuildFile; fileRef = F4FE87FE178010F000CB3DA8 /* calendar_photo.jpg */; };
		F4FE8802178010FA00CB3DA8 /* tag_photo.jpg in Resources */ = {isa = PBXBuildFile; fileRef = F4FE8801178010FA00CB3DA8 /* tag_photo.jpg */; };
/* End PBXBuildFile section */

/* Begin PBXFileReference section */
		5B5D32731D1F5353003A059F /* AirViewController.h */ = {isa = PBXFileReference; fileEncoding = 4; lastKnownFileType = sourcecode.c.h; path = AirViewController.h; sourceTree = "<group>"; };
		5B5D32741D1F5353003A059F /* AirViewController.m */ = {isa = PBXFileReference; fileEncoding = 4; lastKnownFileType = sourcecode.c.objc; path = AirViewController.m; sourceTree = "<group>"; };
		5B66DDC51D1DC03D00963B6E /* Info.plist */ = {isa = PBXFileReference; fileEncoding = 4; lastKnownFileType = text.plist.xml; path = Info.plist; sourceTree = "<group>"; };
		5B66DDC71D1DC17700963B6E /* MapPin.h */ = {isa = PBXFileReference; fileEncoding = 4; lastKnownFileType = sourcecode.c.h; path = MapPin.h; sourceTree = "<group>"; };
		5B66DDC81D1DC17700963B6E /* MapPin.m */ = {isa = PBXFileReference; fileEncoding = 4; lastKnownFileType = sourcecode.c.objc; path = MapPin.m; sourceTree = "<group>"; };
		5B66DDD41D1EE9C700963B6E /* ViewController.h */ = {isa = PBXFileReference; fileEncoding = 4; lastKnownFileType = sourcecode.c.h; path = ViewController.h; sourceTree = "<group>"; };
		5B66DDD51D1EE9C700963B6E /* ViewController.m */ = {isa = PBXFileReference; fileEncoding = 4; lastKnownFileType = sourcecode.c.objc; path = ViewController.m; sourceTree = "<group>"; };
		5B66DDD71D1EEC6D00963B6E /* livingcityIcon.png */ = {isa = PBXFileReference; lastKnownFileType = image.png; path = livingcityIcon.png; sourceTree = "<group>"; };
		5B66DDD91D1EF8D200963B6E /* Logo-base1.png */ = {isa = PBXFileReference; lastKnownFileType = image.png; name = "Logo-base1.png"; path = "../../Logo-base1.png"; sourceTree = "<group>"; };
		5B66DDDA1D1EF8D200963B6E /* Logo-base3.png */ = {isa = PBXFileReference; lastKnownFileType = image.png; name = "Logo-base3.png"; path = "../../Logo-base3.png"; sourceTree = "<group>"; };
		5B66DDDB1D1EF8D200963B6E /* Logo-base5.png */ = {isa = PBXFileReference; lastKnownFileType = image.png; name = "Logo-base5.png"; path = "../../Logo-base5.png"; sourceTree = "<group>"; };
		5B66DDDC1D1EF8D200963B6E /* Logo-render.png */ = {isa = PBXFileReference; lastKnownFileType = image.png; name = "Logo-render.png"; path = "../../Logo-render.png"; sourceTree = "<group>"; };
		5B66DDE11D1EFD5700963B6E /* Images.xcassets */ = {isa = PBXFileReference; lastKnownFileType = folder.assetcatalog; name = Images.xcassets; path = LivingCity/Images.xcassets; sourceTree = SOURCE_ROOT; };
		5BEB07361D20284300BEB4E1 /* TableViewCell.h */ = {isa = PBXFileReference; fileEncoding = 4; lastKnownFileType = sourcecode.c.h; path = TableViewCell.h; sourceTree = "<group>"; };
		5BEB07371D20284300BEB4E1 /* TableViewCell.m */ = {isa = PBXFileReference; fileEncoding = 4; lastKnownFileType = sourcecode.c.objc; path = TableViewCell.m; sourceTree = "<group>"; };
		5BEB07381D20284300BEB4E1 /* TableViewCell.xib */ = {isa = PBXFileReference; fileEncoding = 4; lastKnownFileType = file.xib; path = TableViewCell.xib; sourceTree = "<group>"; };
		5BEB073D1D202AE100BEB4E1 /* UUBar.h */ = {isa = PBXFileReference; fileEncoding = 4; lastKnownFileType = sourcecode.c.h; name = UUBar.h; path = UUChart/UUBar.h; sourceTree = "<group>"; };
		5BEB073E1D202AE100BEB4E1 /* UUBar.m */ = {isa = PBXFileReference; fileEncoding = 4; lastKnownFileType = sourcecode.c.objc; name = UUBar.m; path = UUChart/UUBar.m; sourceTree = "<group>"; };
		5BEB073F1D202AE100BEB4E1 /* UUBarChart.h */ = {isa = PBXFileReference; fileEncoding = 4; lastKnownFileType = sourcecode.c.h; name = UUBarChart.h; path = UUChart/UUBarChart.h; sourceTree = "<group>"; };
		5BEB07401D202AE100BEB4E1 /* UUBarChart.m */ = {isa = PBXFileReference; fileEncoding = 4; lastKnownFileType = sourcecode.c.objc; name = UUBarChart.m; path = UUChart/UUBarChart.m; sourceTree = "<group>"; };
		5BEB07411D202AE100BEB4E1 /* UUChart.h */ = {isa = PBXFileReference; fileEncoding = 4; lastKnownFileType = sourcecode.c.h; name = UUChart.h; path = UUChart/UUChart.h; sourceTree = "<group>"; };
		5BEB07421D202AE100BEB4E1 /* UUChart.m */ = {isa = PBXFileReference; fileEncoding = 4; lastKnownFileType = sourcecode.c.objc; name = UUChart.m; path = UUChart/UUChart.m; sourceTree = "<group>"; };
		5BEB07431D202AE100BEB4E1 /* UUChartConst.h */ = {isa = PBXFileReference; fileEncoding = 4; lastKnownFileType = sourcecode.c.h; name = UUChartConst.h; path = UUChart/UUChartConst.h; sourceTree = "<group>"; };
		5BEB07441D202AE100BEB4E1 /* UUChartConst.m */ = {isa = PBXFileReference; fileEncoding = 4; lastKnownFileType = sourcecode.c.objc; name = UUChartConst.m; path = UUChart/UUChartConst.m; sourceTree = "<group>"; };
		5BEB07451D202AE100BEB4E1 /* UUChartLabel.h */ = {isa = PBXFileReference; fileEncoding = 4; lastKnownFileType = sourcecode.c.h; name = UUChartLabel.h; path = UUChart/UUChartLabel.h; sourceTree = "<group>"; };
		5BEB07461D202AE100BEB4E1 /* UUChartLabel.m */ = {isa = PBXFileReference; fileEncoding = 4; lastKnownFileType = sourcecode.c.objc; name = UUChartLabel.m; path = UUChart/UUChartLabel.m; sourceTree = "<group>"; };
		5BEB07471D202AE100BEB4E1 /* UULineChart.h */ = {isa = PBXFileReference; fileEncoding = 4; lastKnownFileType = sourcecode.c.h; name = UULineChart.h; path = UUChart/UULineChart.h; sourceTree = "<group>"; };
		5BEB07481D202AE100BEB4E1 /* UULineChart.m */ = {isa = PBXFileReference; fileEncoding = 4; lastKnownFileType = sourcecode.c.objc; name = UULineChart.m; path = UUChart/UULineChart.m; sourceTree = "<group>"; };
		5BEB074F1D202C3700BEB4E1 /* QuartzCore.framework */ = {isa = PBXFileReference; lastKnownFileType = wrapper.framework; name = QuartzCore.framework; path = System/Library/Frameworks/QuartzCore.framework; sourceTree = SDKROOT; };
		F4D9AD1D1871725500E2D912 /* SWRevealViewController.h */ = {isa = PBXFileReference; fileEncoding = 4; lastKnownFileType = sourcecode.c.h; path = SWRevealViewController.h; sourceTree = "<group>"; };
		F4D9AD1E1871725500E2D912 /* SWRevealViewController.m */ = {isa = PBXFileReference; fileEncoding = 4; lastKnownFileType = sourcecode.c.objc; path = SWRevealViewController.m; sourceTree = "<group>"; };
		F4EECF0E177C99F400778578 /* LivingCity.app */ = {isa = PBXFileReference; explicitFileType = wrapper.application; includeInIndex = 0; path = LivingCity.app; sourceTree = BUILT_PRODUCTS_DIR; };
		F4EECF11177C99F400778578 /* UIKit.framework */ = {isa = PBXFileReference; lastKnownFileType = wrapper.framework; name = UIKit.framework; path = System/Library/Frameworks/UIKit.framework; sourceTree = SDKROOT; };
		F4EECF13177C99F400778578 /* Foundation.framework */ = {isa = PBXFileReference; lastKnownFileType = wrapper.framework; name = Foundation.framework; path = System/Library/Frameworks/Foundation.framework; sourceTree = SDKROOT; };
		F4EECF15177C99F400778578 /* CoreGraphics.framework */ = {isa = PBXFileReference; lastKnownFileType = wrapper.framework; name = CoreGraphics.framework; path = System/Library/Frameworks/CoreGraphics.framework; sourceTree = SDKROOT; };
		F4EECF19177C99F400778578 /* LivingCity-Info.plist */ = {isa = PBXFileReference; lastKnownFileType = text.plist.xml; path = "LivingCity-Info.plist"; sourceTree = "<group>"; };
		F4EECF1B177C99F400778578 /* en */ = {isa = PBXFileReference; lastKnownFileType = text.plist.strings; name = en; path = en.lproj/InfoPlist.strings; sourceTree = "<group>"; };
		F4EECF1D177C99F400778578 /* main.m */ = {isa = PBXFileReference; lastKnownFileType = sourcecode.c.objc; path = main.m; sourceTree = "<group>"; };
		F4EECF1F177C99F400778578 /* LivingCity-Prefix.pch */ = {isa = PBXFileReference; lastKnownFileType = sourcecode.c.h; path = "LivingCity-Prefix.pch"; sourceTree = "<group>"; };
		F4EECF20177C99F400778578 /* AppDelegate.h */ = {isa = PBXFileReference; lastKnownFileType = sourcecode.c.h; path = AppDelegate.h; sourceTree = "<group>"; };
		F4EECF21177C99F400778578 /* AppDelegate.m */ = {isa = PBXFileReference; lastKnownFileType = sourcecode.c.objc; path = AppDelegate.m; sourceTree = "<group>"; };
		F4EECF23177C99F400778578 /* Default.png */ = {isa = PBXFileReference; lastKnownFileType = image.png; path = Default.png; sourceTree = "<group>"; };
		F4EECF25177C99F400778578 /* Default@2x.png */ = {isa = PBXFileReference; lastKnownFileType = image.png; path = "Default@2x.png"; sourceTree = "<group>"; };
		F4EECF27177C99F400778578 /* Default-568h@2x.png */ = {isa = PBXFileReference; lastKnownFileType = image.png; path = "Default-568h@2x.png"; sourceTree = "<group>"; };
		F4EECF2A177C99F400778578 /* en */ = {isa = PBXFileReference; lastKnownFileType = file.storyboard; name = en; path = en.lproj/Main.Storyboard; sourceTree = "<group>"; };
		F4EECF2C177C99F400778578 /* MainViewController.h */ = {isa = PBXFileReference; lastKnownFileType = sourcecode.c.h; path = MainViewController.h; sourceTree = "<group>"; };
		F4EECF2D177C99F400778578 /* MainViewController.m */ = {isa = PBXFileReference; lastKnownFileType = sourcecode.c.objc; path = MainViewController.m; sourceTree = "<group>"; };
		F4EECF48177DF87700778578 /* SidebarViewController.h */ = {isa = PBXFileReference; fileEncoding = 4; lastKnownFileType = sourcecode.c.h; path = SidebarViewController.h; sourceTree = "<group>"; };
		F4EECF49177DF87700778578 /* SidebarViewController.m */ = {isa = PBXFileReference; fileEncoding = 4; lastKnownFileType = sourcecode.c.objc; path = SidebarViewController.m; sourceTree = "<group>"; };
		F4EECF54177F384900778578 /* bookmark.png */ = {isa = PBXFileReference; lastKnownFileType = image.png; path = bookmark.png; sourceTree = "<group>"; };
		F4EECF55177F384900778578 /* calendar.png */ = {isa = PBXFileReference; lastKnownFileType = image.png; path = calendar.png; sourceTree = "<group>"; };
		F4EECF56177F384900778578 /* comments.png */ = {isa = PBXFileReference; lastKnownFileType = image.png; path = comments.png; sourceTree = "<group>"; };
		F4EECF57177F384900778578 /* map.png */ = {isa = PBXFileReference; lastKnownFileType = image.png; path = map.png; sourceTree = "<group>"; };
		F4EECF58177F384900778578 /* news.png */ = {isa = PBXFileReference; lastKnownFileType = image.png; path = news.png; sourceTree = "<group>"; };
		F4EECF59177F384900778578 /* photo.png */ = {isa = PBXFileReference; lastKnownFileType = image.png; path = photo.png; sourceTree = "<group>"; };
		F4EECF5A177F384900778578 /* wishlist.png */ = {isa = PBXFileReference; lastKnownFileType = image.png; path = wishlist.png; sourceTree = "<group>"; };
		F4EECF62177F3CAB00778578 /* tag.png */ = {isa = PBXFileReference; lastKnownFileType = image.png; path = tag.png; sourceTree = "<group>"; };
		F4EECF65177F4AB000778578 /* nav_bg.png */ = {isa = PBXFileReference; lastKnownFileType = image.png; path = nav_bg.png; sourceTree = "<group>"; };
		F4EECF68177F4C0200778578 /* menu.png */ = {isa = PBXFileReference; lastKnownFileType = image.png; path = menu.png; sourceTree = "<group>"; };
		F4EECF69177F4C0200778578 /* menu@2x.png */ = {isa = PBXFileReference; lastKnownFileType = image.png; path = "menu@2x.png"; sourceTree = "<group>"; };
		F4EECF6C177FD51300778578 /* MapViewController.h */ = {isa = PBXFileReference; fileEncoding = 4; lastKnownFileType = sourcecode.c.h; path = MapViewController.h; sourceTree = "<group>"; };
		F4EECF6D177FD51300778578 /* MapViewController.m */ = {isa = PBXFileReference; fileEncoding = 4; lastKnownFileType = sourcecode.c.objc; path = MapViewController.m; sourceTree = "<group>"; };
		F4EECF6F177FE9B400778578 /* CoreLocation.framework */ = {isa = PBXFileReference; lastKnownFileType = wrapper.framework; name = CoreLocation.framework; path = System/Library/Frameworks/CoreLocation.framework; sourceTree = SDKROOT; };
		F4EECF71177FE9BA00778578 /* MapKit.framework */ = {isa = PBXFileReference; lastKnownFileType = wrapper.framework; name = MapKit.framework; path = System/Library/Frameworks/MapKit.framework; sourceTree = SDKROOT; };
		F4EECF73177FF90500778578 /* PhotoViewController.h */ = {isa = PBXFileReference; fileEncoding = 4; lastKnownFileType = sourcecode.c.h; path = PhotoViewController.h; sourceTree = "<group>"; };
		F4EECF74177FF90600778578 /* PhotoViewController.m */ = {isa = PBXFileReference; fileEncoding = 4; lastKnownFileType = sourcecode.c.objc; path = PhotoViewController.m; sourceTree = "<group>"; };
		F4FE87F91780081300CB3DA8 /* comments_photo.jpg */ = {isa = PBXFileReference; lastKnownFileType = image.jpeg; path = comments_photo.jpg; sourceTree = "<group>"; };
		F4FE87FA1780081300CB3DA8 /* wishlist_photo.jpg */ = {isa = PBXFileReference; lastKnownFileType = image.jpeg; path = wishlist_photo.jpg; sourceTree = "<group>"; };
		F4FE87FD178010F000CB3DA8 /* bookmark_photo.jpg */ = {isa = PBXFileReference; lastKnownFileType = image.jpeg; path = bookmark_photo.jpg; sourceTree = "<group>"; };
		F4FE87FE178010F000CB3DA8 /* calendar_photo.jpg */ = {isa = PBXFileReference; lastKnownFileType = image.jpeg; path = calendar_photo.jpg; sourceTree = "<group>"; };
		F4FE8801178010FA00CB3DA8 /* tag_photo.jpg */ = {isa = PBXFileReference; lastKnownFileType = image.jpeg; path = tag_photo.jpg; sourceTree = "<group>"; };
/* End PBXFileReference section */

/* Begin PBXFrameworksBuildPhase section */
		F4EECF0B177C99F400778578 /* Frameworks */ = {
			isa = PBXFrameworksBuildPhase;
			buildActionMask = 2147483647;
			files = (
				5BEB07501D202C3800BEB4E1 /* QuartzCore.framework in Frameworks */,
				F4EECF72177FE9BA00778578 /* MapKit.framework in Frameworks */,
				F4EECF70177FE9B400778578 /* CoreLocation.framework in Frameworks */,
				F4EECF12177C99F400778578 /* UIKit.framework in Frameworks */,
				F4EECF14177C99F400778578 /* Foundation.framework in Frameworks */,
				F4EECF16177C99F400778578 /* CoreGraphics.framework in Frameworks */,
			);
			runOnlyForDeploymentPostprocessing = 0;
		};
/* End PBXFrameworksBuildPhase section */

/* Begin PBXGroup section */
		5BEB073C1D202AC800BEB4E1 /* UUChart */ = {
			isa = PBXGroup;
			children = (
				5BEB07361D20284300BEB4E1 /* TableViewCell.h */,
				5BEB073D1D202AE100BEB4E1 /* UUBar.h */,
				5BEB073E1D202AE100BEB4E1 /* UUBar.m */,
				5BEB073F1D202AE100BEB4E1 /* UUBarChart.h */,
				5BEB07401D202AE100BEB4E1 /* UUBarChart.m */,
				5BEB07411D202AE100BEB4E1 /* UUChart.h */,
				5BEB07421D202AE100BEB4E1 /* UUChart.m */,
				5BEB07431D202AE100BEB4E1 /* UUChartConst.h */,
				5BEB07441D202AE100BEB4E1 /* UUChartConst.m */,
				5BEB07451D202AE100BEB4E1 /* UUChartLabel.h */,
				5BEB07461D202AE100BEB4E1 /* UUChartLabel.m */,
				5BEB07471D202AE100BEB4E1 /* UULineChart.h */,
				5BEB07481D202AE100BEB4E1 /* UULineChart.m */,
			);
			name = UUChart;
			sourceTree = "<group>";
		};
		F4EECF05177C99F400778578 = {
			isa = PBXGroup;
			children = (
				F4EECF17177C99F400778578 /* LivingCity */,
				F4EECF10177C99F400778578 /* Frameworks */,
				F4EECF0F177C99F400778578 /* Products */,
			);
			sourceTree = "<group>";
		};
		F4EECF0F177C99F400778578 /* Products */ = {
			isa = PBXGroup;
			children = (
				F4EECF0E177C99F400778578 /* LivingCity.app */,
			);
			name = Products;
			sourceTree = "<group>";
		};
		F4EECF10177C99F400778578 /* Frameworks */ = {
			isa = PBXGroup;
			children = (
				5BEB074F1D202C3700BEB4E1 /* QuartzCore.framework */,
				F4EECF6F177FE9B400778578 /* CoreLocation.framework */,
				F4EECF71177FE9BA00778578 /* MapKit.framework */,
				F4EECF11177C99F400778578 /* UIKit.framework */,
				F4EECF13177C99F400778578 /* Foundation.framework */,
				F4EECF15177C99F400778578 /* CoreGraphics.framework */,
			);
			name = Frameworks;
			sourceTree = "<group>";
		};
		F4EECF17177C99F400778578 /* LivingCity */ = {
			isa = PBXGroup;
			children = (
				5BEB073C1D202AC800BEB4E1 /* UUChart */,
				5BEB07371D20284300BEB4E1 /* TableViewCell.m */,
				5BEB07381D20284300BEB4E1 /* TableViewCell.xib */,
				5B66DDC71D1DC17700963B6E /* MapPin.h */,
				5B66DDC81D1DC17700963B6E /* MapPin.m */,
				F4EECF20177C99F400778578 /* AppDelegate.h */,
				F4EECF21177C99F400778578 /* AppDelegate.m */,
				F4EECF29177C99F400778578 /* Main.Storyboard */,
				F4EECF2C177C99F400778578 /* MainViewController.h */,
				F4EECF2D177C99F400778578 /* MainViewController.m */,
				F4EECF48177DF87700778578 /* SidebarViewController.h */,
				F4EECF49177DF87700778578 /* SidebarViewController.m */,
				F4EECF6C177FD51300778578 /* MapViewController.h */,
				F4EECF6D177FD51300778578 /* MapViewController.m */,
				F4EECF73177FF90500778578 /* PhotoViewController.h */,
				F4EECF74177FF90600778578 /* PhotoViewController.m */,
				5B5D32731D1F5353003A059F /* AirViewController.h */,
				5B5D32741D1F5353003A059F /* AirViewController.m */,
				5B66DDD41D1EE9C700963B6E /* ViewController.h */,
				5B66DDD51D1EE9C700963B6E /* ViewController.m */,
				F4EECF34177C9A1E00778578 /* Library */,
				5B66DDE11D1EFD5700963B6E /* Images.xcassets */,
				F4EECF18177C99F400778578 /* Supporting Files */,
			);
			name = LivingCity;
			path = SidebarDemo;
			sourceTree = "<group>";
		};
		F4EECF18177C99F400778578 /* Supporting Files */ = {
			isa = PBXGroup;
			children = (
				5B66DDC51D1DC03D00963B6E /* Info.plist */,
				F4EECF53177F37CB00778578 /* Images */,
				F4EECF19177C99F400778578 /* LivingCity-Info.plist */,
				F4EECF1A177C99F400778578 /* InfoPlist.strings */,
				F4EECF1D177C99F400778578 /* main.m */,
				F4EECF1F177C99F400778578 /* LivingCity-Prefix.pch */,
				F4EECF23177C99F400778578 /* Default.png */,
				F4EECF25177C99F400778578 /* Default@2x.png */,
				F4EECF27177C99F400778578 /* Default-568h@2x.png */,
			);
			name = "Supporting Files";
			sourceTree = "<group>";
		};
		F4EECF34177C9A1E00778578 /* Library */ = {
			isa = PBXGroup;
			children = (
				F4D9AD1D1871725500E2D912 /* SWRevealViewController.h */,
				F4D9AD1E1871725500E2D912 /* SWRevealViewController.m */,
			);
			name = Library;
			sourceTree = "<group>";
		};
		F4EECF53177F37CB00778578 /* Images */ = {
			isa = PBXGroup;
			children = (
				5B66DDD91D1EF8D200963B6E /* Logo-base1.png */,
				5B66DDDA1D1EF8D200963B6E /* Logo-base3.png */,
				5B66DDDB1D1EF8D200963B6E /* Logo-base5.png */,
				5B66DDDC1D1EF8D200963B6E /* Logo-render.png */,
				5B66DDD71D1EEC6D00963B6E /* livingcityIcon.png */,
				F4FE87F91780081300CB3DA8 /* comments_photo.jpg */,
				F4FE87FD178010F000CB3DA8 /* bookmark_photo.jpg */,
				F4FE8801178010FA00CB3DA8 /* tag_photo.jpg */,
				F4FE87FE178010F000CB3DA8 /* calendar_photo.jpg */,
				F4FE87FA1780081300CB3DA8 /* wishlist_photo.jpg */,
				F4EECF68177F4C0200778578 /* menu.png */,
				F4EECF69177F4C0200778578 /* menu@2x.png */,
				F4EECF65177F4AB000778578 /* nav_bg.png */,
				F4EECF54177F384900778578 /* bookmark.png */,
				F4EECF55177F384900778578 /* calendar.png */,
				F4EECF56177F384900778578 /* comments.png */,
				F4EECF57177F384900778578 /* map.png */,
				F4EECF58177F384900778578 /* news.png */,
				F4EECF59177F384900778578 /* photo.png */,
				F4EECF62177F3CAB00778578 /* tag.png */,
				F4EECF5A177F384900778578 /* wishlist.png */,
			);
			name = Images;
			sourceTree = "<group>";
		};
/* End PBXGroup section */

/* Begin PBXNativeTarget section */
		F4EECF0D177C99F400778578 /* LivingCity */ = {
			isa = PBXNativeTarget;
			buildConfigurationList = F4EECF31177C99F400778578 /* Build configuration list for PBXNativeTarget "LivingCity" */;
			buildPhases = (
				F4EECF0A177C99F400778578 /* Sources */,
				F4EECF0B177C99F400778578 /* Frameworks */,
				F4EECF0C177C99F400778578 /* Resources */,
			);
			buildRules = (
			);
			dependencies = (
			);
			name = LivingCity;
			productName = SidebarDemo;
			productReference = F4EECF0E177C99F400778578 /* LivingCity.app */;
			productType = "com.apple.product-type.application";
		};
/* End PBXNativeTarget section */

/* Begin PBXProject section */
		F4EECF06177C99F400778578 /* Project object */ = {
			isa = PBXProject;
			attributes = {
				LastUpgradeCheck = 0460;
				ORGANIZATIONNAME = Appcoda;
			};
			buildConfigurationList = F4EECF09177C99F400778578 /* Build configuration list for PBXProject "LivingCity" */;
			compatibilityVersion = "Xcode 3.2";
			developmentRegion = English;
			hasScannedForEncodings = 0;
			knownRegions = (
				en,
			);
			mainGroup = F4EECF05177C99F400778578;
			productRefGroup = F4EECF0F177C99F400778578 /* Products */;
			projectDirPath = "";
			projectRoot = "";
			targets = (
				F4EECF0D177C99F400778578 /* LivingCity */,
			);
		};
/* End PBXProject section */

/* Begin PBXResourcesBuildPhase section */
		F4EECF0C177C99F400778578 /* Resources */ = {
			isa = PBXResourcesBuildPhase;
			buildActionMask = 2147483647;
			files = (
				5B66DDE01D1EF8D200963B6E /* Logo-render.png in Resources */,
				5BEB073A1D20284300BEB4E1 /* TableViewCell.xib in Resources */,
				F4EECF1C177C99F400778578 /* InfoPlist.strings in Resources */,
				F4EECF24177C99F400778578 /* Default.png in Resources */,
				F4EECF26177C99F400778578 /* Default@2x.png in Resources */,
				F4EECF28177C99F400778578 /* Default-568h@2x.png in Resources */,
				F4EECF2B177C99F400778578 /* Main.Storyboard in Resources */,
				F4EECF5B177F384900778578 /* bookmark.png in Resources */,
				F4EECF5C177F384900778578 /* calendar.png in Resources */,
				F4EECF5D177F384900778578 /* comments.png in Resources */,
				5B66DDD81D1EEC6D00963B6E /* livingcityIcon.png in Resources */,
				5B66DDC61D1DC03D00963B6E /* Info.plist in Resources */,
				F4EECF5E177F384900778578 /* map.png in Resources */,
				5B66DDDD1D1EF8D200963B6E /* Logo-base1.png in Resources */,
				F4EECF5F177F384900778578 /* news.png in Resources */,
				F4EECF60177F384900778578 /* photo.png in Resources */,
				F4EECF61177F384900778578 /* wishlist.png in Resources */,
				5B66DDDE1D1EF8D200963B6E /* Logo-base3.png in Resources */,
				F4EECF63177F3CAB00778578 /* tag.png in Resources */,
				5B66DDDF1D1EF8D200963B6E /* Logo-base5.png in Resources */,
				F4EECF67177F4AB000778578 /* nav_bg.png in Resources */,
				F4EECF6A177F4C0200778578 /* menu.png in Resources */,
				F4EECF6B177F4C0200778578 /* menu@2x.png in Resources */,
				F4FE87FB1780081300CB3DA8 /* comments_photo.jpg in Resources */,
				F4FE87FC1780081300CB3DA8 /* wishlist_photo.jpg in Resources */,
				F4FE87FF178010F000CB3DA8 /* bookmark_photo.jpg in Resources */,
				5B66DDE21D1EFD5700963B6E /* Images.xcassets in Resources */,
				F4FE8800178010F000CB3DA8 /* calendar_photo.jpg in Resources */,
				F4FE8802178010FA00CB3DA8 /* tag_photo.jpg in Resources */,
			);
			runOnlyForDeploymentPostprocessing = 0;
		};
/* End PBXResourcesBuildPhase section */

/* Begin PBXSourcesBuildPhase section */
		F4EECF0A177C99F400778578 /* Sources */ = {
			isa = PBXSourcesBuildPhase;
			buildActionMask = 2147483647;
			files = (
				5B66DDD61D1EE9C700963B6E /* ViewController.m in Sources */,
				5B66DDC91D1DC17700963B6E /* MapPin.m in Sources */,
				F4D9AD1F1871725500E2D912 /* SWRevealViewController.m in Sources */,
				5BEB074A1D202AE100BEB4E1 /* UUBarChart.m in Sources */,
				F4EECF1E177C99F400778578 /* main.m in Sources */,
				5BEB074D1D202AE100BEB4E1 /* UUChartLabel.m in Sources */,
				F4EECF22177C99F400778578 /* AppDelegate.m in Sources */,
				5BEB074E1D202AE100BEB4E1 /* UULineChart.m in Sources */,
				5B5D32751D1F5353003A059F /* AirViewController.m in Sources */,
				F4EECF2E177C99F400778578 /* MainViewController.m in Sources */,
				F4EECF4A177DF87700778578 /* SidebarViewController.m in Sources */,
				F4EECF6E177FD51400778578 /* MapViewController.m in Sources */,
				5BEB07491D202AE100BEB4E1 /* UUBar.m in Sources */,
				5BEB074C1D202AE100BEB4E1 /* UUChartConst.m in Sources */,
				5BEB07391D20284300BEB4E1 /* TableViewCell.m in Sources */,
				5BEB074B1D202AE100BEB4E1 /* UUChart.m in Sources */,
				F4EECF75177FF90600778578 /* PhotoViewController.m in Sources */,
			);
			runOnlyForDeploymentPostprocessing = 0;
		};
/* End PBXSourcesBuildPhase section */

/* Begin PBXVariantGroup section */
		F4EECF1A177C99F400778578 /* InfoPlist.strings */ = {
			isa = PBXVariantGroup;
			children = (
				F4EECF1B177C99F400778578 /* en */,
			);
			name = InfoPlist.strings;
			sourceTree = "<group>";
		};
		F4EECF29177C99F400778578 /* Main.Storyboard */ = {
			isa = PBXVariantGroup;
			children = (
				F4EECF2A177C99F400778578 /* en */,
			);
			name = Main.Storyboard;
			sourceTree = "<group>";
		};
/* End PBXVariantGroup section */

/* Begin XCBuildConfiguration section */
		F4EECF2F177C99F400778578 /* Debug */ = {
			isa = XCBuildConfiguration;
			buildSettings = {
				ALWAYS_SEARCH_USER_PATHS = NO;
				CLANG_CXX_LANGUAGE_STANDARD = "gnu++0x";
				CLANG_CXX_LIBRARY = "libc++";
				CLANG_ENABLE_OBJC_ARC = YES;
				CLANG_WARN_CONSTANT_CONVERSION = YES;
				CLANG_WARN_EMPTY_BODY = YES;
				CLANG_WARN_ENUM_CONVERSION = YES;
				CLANG_WARN_INT_CONVERSION = YES;
				CLANG_WARN__DUPLICATE_METHOD_MATCH = YES;
				"CODE_SIGN_IDENTITY[sdk=iphoneos*]" = "iPhone Developer";
				COPY_PHASE_STRIP = NO;
				GCC_C_LANGUAGE_STANDARD = gnu99;
				GCC_DYNAMIC_NO_PIC = NO;
				GCC_OPTIMIZATION_LEVEL = 0;
				GCC_PREPROCESSOR_DEFINITIONS = (
					"DEBUG=1",
					"$(inherited)",
				);
				GCC_SYMBOLS_PRIVATE_EXTERN = NO;
				GCC_WARN_ABOUT_RETURN_TYPE = YES;
				GCC_WARN_UNINITIALIZED_AUTOS = YES;
				GCC_WARN_UNUSED_VARIABLE = YES;
				IPHONEOS_DEPLOYMENT_TARGET = 7.0;
				ONLY_ACTIVE_ARCH = YES;
				SDKROOT = iphoneos;
			};
			name = Debug;
		};
		F4EECF30177C99F400778578 /* Release */ = {
			isa = XCBuildConfiguration;
			buildSettings = {
				ALWAYS_SEARCH_USER_PATHS = NO;
				CLANG_CXX_LANGUAGE_STANDARD = "gnu++0x";
				CLANG_CXX_LIBRARY = "libc++";
				CLANG_ENABLE_OBJC_ARC = YES;
				CLANG_WARN_CONSTANT_CONVERSION = YES;
				CLANG_WARN_EMPTY_BODY = YES;
				CLANG_WARN_ENUM_CONVERSION = YES;
				CLANG_WARN_INT_CONVERSION = YES;
				CLANG_WARN__DUPLICATE_METHOD_MATCH = YES;
				"CODE_SIGN_IDENTITY[sdk=iphoneos*]" = "iPhone Developer";
				COPY_PHASE_STRIP = YES;
				GCC_C_LANGUAGE_STANDARD = gnu99;
				GCC_WARN_ABOUT_RETURN_TYPE = YES;
				GCC_WARN_UNINITIALIZED_AUTOS = YES;
				GCC_WARN_UNUSED_VARIABLE = YES;
				IPHONEOS_DEPLOYMENT_TARGET = 7.0;
				OTHER_CFLAGS = "-DNS_BLOCK_ASSERTIONS=1";
				SDKROOT = iphoneos;
				VALIDATE_PRODUCT = YES;
			};
			name = Release;
		};
		F4EECF32177C99F400778578 /* Debug */ = {
			isa = XCBuildConfiguration;
			buildSettings = {
				ASSETCATALOG_COMPILER_APPICON_NAME = AppIcon;
				ASSETCATALOG_COMPILER_LAUNCHIMAGE_NAME = "Brand Assets";
				GCC_PRECOMPILE_PREFIX_HEADER = YES;
				GCC_PREFIX_HEADER = "SidebarDemo/LivingCity-Prefix.pch";
				INFOPLIST_FILE = "SidebarDemo/LivingCity-Info.plist";
				IPHONEOS_DEPLOYMENT_TARGET = 7.0;
				PRODUCT_BUNDLE_IDENTIFIER = com.pt.ua.deti.LivingCity;
				PRODUCT_NAME = LivingCity;
				WRAPPER_EXTENSION = app;
			};
			name = Debug;
		};
		F4EECF33177C99F400778578 /* Release */ = {
			isa = XCBuildConfiguration;
			buildSettings = {
				ASSETCATALOG_COMPILER_APPICON_NAME = AppIcon;
				ASSETCATALOG_COMPILER_LAUNCHIMAGE_NAME = "Brand Assets";
				GCC_PRECOMPILE_PREFIX_HEADER = YES;
				GCC_PREFIX_HEADER = "SidebarDemo/LivingCity-Prefix.pch";
				INFOPLIST_FILE = "SidebarDemo/LivingCity-Info.plist";
				IPHONEOS_DEPLOYMENT_TARGET = 7.0;
				PRODUCT_BUNDLE_IDENTIFIER = com.pt.ua.deti.LivingCity;
				PRODUCT_NAME = LivingCity;
				WRAPPER_EXTENSION = app;
			};
			name = Release;
		};
/* End XCBuildConfiguration section */

/* Begin XCConfigurationList section */
		F4EECF09177C99F400778578 /* Build configuration list for PBXProject "LivingCity" */ = {
			isa = XCConfigurationList;
			buildConfigurations = (
				F4EECF2F177C99F400778578 /* Debug */,
				F4EECF30177C99F400778578 /* Release */,
			);
			defaultConfigurationIsVisible = 0;
			defaultConfigurationName = Release;
		};
		F4EECF31177C99F400778578 /* Build configuration list for PBXNativeTarget "LivingCity" */ = {
			isa = XCConfigurationList;
			buildConfigurations = (
				F4EECF32177C99F400778578 /* Debug */,
				F4EECF33177C99F400778578 /* Release */,
			);
			defaultConfigurationIsVisible = 0;
			defaultConfigurationName = Release;
		};
/* End XCConfigurationList section */
	};
	rootObject = F4EECF06177C99F400778578 /* Project object */;
}
